
Microsoft Visual Studio Solution File, Format Version 12.00
# Visual Studio Version 16
VisualStudioVersion = 16.6.30114.105
MinimumVisualStudioVersion = 10.0.40219.1
Project("{FAE04EC0-301F-11D3-BF4B-00C04F79EFBC}") = "MicroRabbit.Domain.Core", "MicroRabbit.Domain.Core\MicroRabbit.Domain.Core.csproj", "{50C31EB7-015C-4A63-B6E2-45A96A8A4E44}"
EndProject
Project("{FAE04EC0-301F-11D3-BF4B-00C04F79EFBC}") = "MicroRabbit.Infrastructure.Bus", "MicroRabbit.Infrastructure.Bus\MicroRabbit.Infrastructure.Bus.csproj", "{59BE888B-1822-422A-B7A9-4CCB3F536A2E}"
EndProject
Project("{FAE04EC0-301F-11D3-BF4B-00C04F79EFBC}") = "MicroRabbit.Infrastructure.IoC", "MicroRabbit.Infrastructure.IoC\MicroRabbit.Infrastructure.IoC.csproj", "{0E5E26AF-52A4-4DE2-B8D3-CF9F1234C5BB}"
EndProject
Global
	GlobalSection(SolutionConfigurationPlatforms) = preSolution
		Debug|Any CPU = Debug|Any CPU
		Debug|x64 = Debug|x64
		Debug|x86 = Debug|x86
		Release|Any CPU = Release|Any CPU
		Release|x64 = Release|x64
		Release|x86 = Release|x86
	EndGlobalSection
	GlobalSection(SolutionProperties) = preSolution
		HideSolutionNode = FALSE
	EndGlobalSection
	GlobalSection(ProjectConfigurationPlatforms) = postSolution
		{50C31EB7-015C-4A63-B6E2-45A96A8A4E44}.Debug|Any CPU.ActiveCfg = Debug|Any CPU
		{50C31EB7-015C-4A63-B6E2-45A96A8A4E44}.Debug|Any CPU.Build.0 = Debug|Any CPU
		{50C31EB7-015C-4A63-B6E2-45A96A8A4E44}.Debug|x64.ActiveCfg = Debug|Any CPU
		{50C31EB7-015C-4A63-B6E2-45A96A8A4E44}.Debug|x64.Build.0 = Debug|Any CPU
		{50C31EB7-015C-4A63-B6E2-45A96A8A4E44}.Debug|x86.ActiveCfg = Debug|Any CPU
		{50C31EB7-015C-4A63-B6E2-45A96A8A4E44}.Debug|x86.Build.0 = Debug|Any CPU
		{50C31EB7-015C-4A63-B6E2-45A96A8A4E44}.Release|Any CPU.ActiveCfg = Release|Any CPU
		{50C31EB7-015C-4A63-B6E2-45A96A8A4E44}.Release|Any CPU.Build.0 = Release|Any CPU
		{50C31EB7-015C-4A63-B6E2-45A96A8A4E44}.Release|x64.ActiveCfg = Release|Any CPU
		{50C31EB7-015C-4A63-B6E2-45A96A8A4E44}.Release|x64.Build.0 = Release|Any CPU
		{50C31EB7-015C-4A63-B6E2-45A96A8A4E44}.Release|x86.ActiveCfg = Release|Any CPU
		{50C31EB7-015C-4A63-B6E2-45A96A8A4E44}.Release|x86.Build.0 = Release|Any CPU
		{59BE888B-1822-422A-B7A9-4CCB3F536A2E}.Debug|Any CPU.ActiveCfg = Debug|Any CPU
		{59BE888B-1822-422A-B7A9-4CCB3F536A2E}.Debug|Any CPU.Build.0 = Debug|Any CPU
		{59BE888B-1822-422A-B7A9-4CCB3F536A2E}.Debug|x64.ActiveCfg = Debug|Any CPU
		{59BE888B-1822-422A-B7A9-4CCB3F536A2E}.Debug|x64.Build.0 = Debug|Any CPU
		{59BE888B-1822-422A-B7A9-4CCB3F536A2E}.Debug|x86.ActiveCfg = Debug|Any CPU
		{59BE888B-1822-422A-B7A9-4CCB3F536A2E}.Debug|x86.Build.0 = Debug|Any CPU
		{59BE888B-1822-422A-B7A9-4CCB3F536A2E}.Release|Any CPU.ActiveCfg = Release|Any CPU
		{59BE888B-1822-422A-B7A9-4CCB3F536A2E}.Release|Any CPU.Build.0 = Release|Any CPU
		{59BE888B-1822-422A-B7A9-4CCB3F536A2E}.Release|x64.ActiveCfg = Release|Any CPU
		{59BE888B-1822-422A-B7A9-4CCB3F536A2E}.Release|x64.Build.0 = Release|Any CPU
		{59BE888B-1822-422A-B7A9-4CCB3F536A2E}.Release|x86.ActiveCfg = Release|Any CPU
		{59BE888B-1822-422A-B7A9-4CCB3F536A2E}.Release|x86.Build.0 = Release|Any CPU
		{0E5E26AF-52A4-4DE2-B8D3-CF9F1234C5BB}.Debug|Any CPU.ActiveCfg = Debug|Any CPU
		{0E5E26AF-52A4-4DE2-B8D3-CF9F1234C5BB}.Debug|Any CPU.Build.0 = Debug|Any CPU
		{0E5E26AF-52A4-4DE2-B8D3-CF9F1234C5BB}.Debug|x64.ActiveCfg = Debug|Any CPU
		{0E5E26AF-52A4-4DE2-B8D3-CF9F1234C5BB}.Debug|x64.Build.0 = Debug|Any CPU
		{0E5E26AF-52A4-4DE2-B8D3-CF9F1234C5BB}.Debug|x86.ActiveCfg = Debug|Any CPU
		{0E5E26AF-52A4-4DE2-B8D3-CF9F1234C5BB}.Debug|x86.Build.0 = Debug|Any CPU
		{0E5E26AF-52A4-4DE2-B8D3-CF9F1234C5BB}.Release|Any CPU.ActiveCfg = Release|Any CPU
		{0E5E26AF-52A4-4DE2-B8D3-CF9F1234C5BB}.Release|Any CPU.Build.0 = Release|Any CPU
		{0E5E26AF-52A4-4DE2-B8D3-CF9F1234C5BB}.Release|x64.ActiveCfg = Release|Any CPU
		{0E5E26AF-52A4-4DE2-B8D3-CF9F1234C5BB}.Release|x64.Build.0 = Release|Any CPU
		{0E5E26AF-52A4-4DE2-B8D3-CF9F1234C5BB}.Release|x86.ActiveCfg = Release|Any CPU
		{0E5E26AF-52A4-4DE2-B8D3-CF9F1234C5BB}.Release|x86.Build.0 = Release|Any CPU
	EndGlobalSection
EndGlobal
