
Microsoft Visual Studio Solution File, Format Version 12.00
# Visual Studio Version 16
VisualStudioVersion = 16.6.30114.105
MinimumVisualStudioVersion = 10.0.40219.1
Project("{FAE04EC0-301F-11D3-BF4B-00C04F79EFBC}") = "MicroRabbit.Domain.Core", "MicroRabbit.Domain.Core\MicroRabbit.Domain.Core.csproj", "{50C31EB7-015C-4A63-B6E2-45A96A8A4E44}"
EndProject
Project("{FAE04EC0-301F-11D3-BF4B-00C04F79EFBC}") = "MicroRabbit.Infrastructure.Bus", "MicroRabbit.Infrastructure.Bus\MicroRabbit.Infrastructure.Bus.csproj", "{59BE888B-1822-422A-B7A9-4CCB3F536A2E}"
EndProject
Project("{FAE04EC0-301F-11D3-BF4B-00C04F79EFBC}") = "MicroRabbit.Infrastructure.IoC", "MicroRabbit.Infrastructure.IoC\MicroRabbit.Infrastructure.IoC.csproj", "{0E5E26AF-52A4-4DE2-B8D3-CF9F1234C5BB}"
EndProject
Project("{2150E333-8FDC-42A3-9474-1A3956D46DE8}") = "Microservices", "Microservices", "{8E40ACB3-71EA-4DE7-8D2B-C5B294C4BD75}"
EndProject
Project("{2150E333-8FDC-42A3-9474-1A3956D46DE8}") = "Banking", "Banking", "{5F46A13E-84BF-486B-8EE0-4A125533D3B6}"
EndProject
Project("{FAE04EC0-301F-11D3-BF4B-00C04F79EFBC}") = "MicroRabbit.Banking.Api", "Microservices\Banking\MicroRabbit.Banking.Api\MicroRabbit.Banking.Api.csproj", "{348B16A9-4A06-4A62-AE95-57679A901CE8}"
EndProject
Project("{FAE04EC0-301F-11D3-BF4B-00C04F79EFBC}") = "MicroRabbit.Banking.Application", "Microservices\Banking\MicroRabbit.Banking.Application\MicroRabbit.Banking.Application.csproj", "{A7830F9A-4558-48D8-BBE2-7B850226B596}"
EndProject
Project("{FAE04EC0-301F-11D3-BF4B-00C04F79EFBC}") = "MicroRabbit.Banking.Infrastructure", "Microservices\Banking\MicroRabbit.Banking.Infrastructure\MicroRabbit.Banking.Infrastructure.csproj", "{C1E31865-644B-4F67-8646-340DE8099516}"
EndProject
Project("{FAE04EC0-301F-11D3-BF4B-00C04F79EFBC}") = "MicroRabbit.Banking.Domain", "Microservices\Banking\MicroRabbit.Banking.Domain\MicroRabbit.Banking.Domain.csproj", "{C88B6D57-0DA8-4C1A-B617-B27D881E8F36}"
EndProject
Global
	GlobalSection(SolutionConfigurationPlatforms) = preSolution
		Debug|Any CPU = Debug|Any CPU
		Debug|x64 = Debug|x64
		Debug|x86 = Debug|x86
		Release|Any CPU = Release|Any CPU
		Release|x64 = Release|x64
		Release|x86 = Release|x86
	EndGlobalSection
	GlobalSection(SolutionProperties) = preSolution
		HideSolutionNode = FALSE
	EndGlobalSection
	GlobalSection(ProjectConfigurationPlatforms) = postSolution
		{50C31EB7-015C-4A63-B6E2-45A96A8A4E44}.Debug|Any CPU.ActiveCfg = Debug|Any CPU
		{50C31EB7-015C-4A63-B6E2-45A96A8A4E44}.Debug|Any CPU.Build.0 = Debug|Any CPU
		{50C31EB7-015C-4A63-B6E2-45A96A8A4E44}.Debug|x64.ActiveCfg = Debug|Any CPU
		{50C31EB7-015C-4A63-B6E2-45A96A8A4E44}.Debug|x64.Build.0 = Debug|Any CPU
		{50C31EB7-015C-4A63-B6E2-45A96A8A4E44}.Debug|x86.ActiveCfg = Debug|Any CPU
		{50C31EB7-015C-4A63-B6E2-45A96A8A4E44}.Debug|x86.Build.0 = Debug|Any CPU
		{50C31EB7-015C-4A63-B6E2-45A96A8A4E44}.Release|Any CPU.ActiveCfg = Release|Any CPU
		{50C31EB7-015C-4A63-B6E2-45A96A8A4E44}.Release|Any CPU.Build.0 = Release|Any CPU
		{50C31EB7-015C-4A63-B6E2-45A96A8A4E44}.Release|x64.ActiveCfg = Release|Any CPU
		{50C31EB7-015C-4A63-B6E2-45A96A8A4E44}.Release|x64.Build.0 = Release|Any CPU
		{50C31EB7-015C-4A63-B6E2-45A96A8A4E44}.Release|x86.ActiveCfg = Release|Any CPU
		{50C31EB7-015C-4A63-B6E2-45A96A8A4E44}.Release|x86.Build.0 = Release|Any CPU
		{59BE888B-1822-422A-B7A9-4CCB3F536A2E}.Debug|Any CPU.ActiveCfg = Debug|Any CPU
		{59BE888B-1822-422A-B7A9-4CCB3F536A2E}.Debug|Any CPU.Build.0 = Debug|Any CPU
		{59BE888B-1822-422A-B7A9-4CCB3F536A2E}.Debug|x64.ActiveCfg = Debug|Any CPU
		{59BE888B-1822-422A-B7A9-4CCB3F536A2E}.Debug|x64.Build.0 = Debug|Any CPU
		{59BE888B-1822-422A-B7A9-4CCB3F536A2E}.Debug|x86.ActiveCfg = Debug|Any CPU
		{59BE888B-1822-422A-B7A9-4CCB3F536A2E}.Debug|x86.Build.0 = Debug|Any CPU
		{59BE888B-1822-422A-B7A9-4CCB3F536A2E}.Release|Any CPU.ActiveCfg = Release|Any CPU
		{59BE888B-1822-422A-B7A9-4CCB3F536A2E}.Release|Any CPU.Build.0 = Release|Any CPU
		{59BE888B-1822-422A-B7A9-4CCB3F536A2E}.Release|x64.ActiveCfg = Release|Any CPU
		{59BE888B-1822-422A-B7A9-4CCB3F536A2E}.Release|x64.Build.0 = Release|Any CPU
		{59BE888B-1822-422A-B7A9-4CCB3F536A2E}.Release|x86.ActiveCfg = Release|Any CPU
		{59BE888B-1822-422A-B7A9-4CCB3F536A2E}.Release|x86.Build.0 = Release|Any CPU
		{0E5E26AF-52A4-4DE2-B8D3-CF9F1234C5BB}.Debug|Any CPU.ActiveCfg = Debug|Any CPU
		{0E5E26AF-52A4-4DE2-B8D3-CF9F1234C5BB}.Debug|Any CPU.Build.0 = Debug|Any CPU
		{0E5E26AF-52A4-4DE2-B8D3-CF9F1234C5BB}.Debug|x64.ActiveCfg = Debug|Any CPU
		{0E5E26AF-52A4-4DE2-B8D3-CF9F1234C5BB}.Debug|x64.Build.0 = Debug|Any CPU
		{0E5E26AF-52A4-4DE2-B8D3-CF9F1234C5BB}.Debug|x86.ActiveCfg = Debug|Any CPU
		{0E5E26AF-52A4-4DE2-B8D3-CF9F1234C5BB}.Debug|x86.Build.0 = Debug|Any CPU
		{0E5E26AF-52A4-4DE2-B8D3-CF9F1234C5BB}.Release|Any CPU.ActiveCfg = Release|Any CPU
		{0E5E26AF-52A4-4DE2-B8D3-CF9F1234C5BB}.Release|Any CPU.Build.0 = Release|Any CPU
		{0E5E26AF-52A4-4DE2-B8D3-CF9F1234C5BB}.Release|x64.ActiveCfg = Release|Any CPU
		{0E5E26AF-52A4-4DE2-B8D3-CF9F1234C5BB}.Release|x64.Build.0 = Release|Any CPU
		{0E5E26AF-52A4-4DE2-B8D3-CF9F1234C5BB}.Release|x86.ActiveCfg = Release|Any CPU
		{0E5E26AF-52A4-4DE2-B8D3-CF9F1234C5BB}.Release|x86.Build.0 = Release|Any CPU
		{348B16A9-4A06-4A62-AE95-57679A901CE8}.Debug|Any CPU.ActiveCfg = Debug|Any CPU
		{348B16A9-4A06-4A62-AE95-57679A901CE8}.Debug|Any CPU.Build.0 = Debug|Any CPU
		{348B16A9-4A06-4A62-AE95-57679A901CE8}.Debug|x64.ActiveCfg = Debug|Any CPU
		{348B16A9-4A06-4A62-AE95-57679A901CE8}.Debug|x64.Build.0 = Debug|Any CPU
		{348B16A9-4A06-4A62-AE95-57679A901CE8}.Debug|x86.ActiveCfg = Debug|Any CPU
		{348B16A9-4A06-4A62-AE95-57679A901CE8}.Debug|x86.Build.0 = Debug|Any CPU
		{348B16A9-4A06-4A62-AE95-57679A901CE8}.Release|Any CPU.ActiveCfg = Release|Any CPU
		{348B16A9-4A06-4A62-AE95-57679A901CE8}.Release|Any CPU.Build.0 = Release|Any CPU
		{348B16A9-4A06-4A62-AE95-57679A901CE8}.Release|x64.ActiveCfg = Release|Any CPU
		{348B16A9-4A06-4A62-AE95-57679A901CE8}.Release|x64.Build.0 = Release|Any CPU
		{348B16A9-4A06-4A62-AE95-57679A901CE8}.Release|x86.ActiveCfg = Release|Any CPU
		{348B16A9-4A06-4A62-AE95-57679A901CE8}.Release|x86.Build.0 = Release|Any CPU
		{A7830F9A-4558-48D8-BBE2-7B850226B596}.Debug|Any CPU.ActiveCfg = Debug|Any CPU
		{A7830F9A-4558-48D8-BBE2-7B850226B596}.Debug|Any CPU.Build.0 = Debug|Any CPU
		{A7830F9A-4558-48D8-BBE2-7B850226B596}.Debug|x64.ActiveCfg = Debug|Any CPU
		{A7830F9A-4558-48D8-BBE2-7B850226B596}.Debug|x64.Build.0 = Debug|Any CPU
		{A7830F9A-4558-48D8-BBE2-7B850226B596}.Debug|x86.ActiveCfg = Debug|Any CPU
		{A7830F9A-4558-48D8-BBE2-7B850226B596}.Debug|x86.Build.0 = Debug|Any CPU
		{A7830F9A-4558-48D8-BBE2-7B850226B596}.Release|Any CPU.ActiveCfg = Release|Any CPU
		{A7830F9A-4558-48D8-BBE2-7B850226B596}.Release|Any CPU.Build.0 = Release|Any CPU
		{A7830F9A-4558-48D8-BBE2-7B850226B596}.Release|x64.ActiveCfg = Release|Any CPU
		{A7830F9A-4558-48D8-BBE2-7B850226B596}.Release|x64.Build.0 = Release|Any CPU
		{A7830F9A-4558-48D8-BBE2-7B850226B596}.Release|x86.ActiveCfg = Release|Any CPU
		{A7830F9A-4558-48D8-BBE2-7B850226B596}.Release|x86.Build.0 = Release|Any CPU
		{C1E31865-644B-4F67-8646-340DE8099516}.Debug|Any CPU.ActiveCfg = Debug|Any CPU
		{C1E31865-644B-4F67-8646-340DE8099516}.Debug|Any CPU.Build.0 = Debug|Any CPU
		{C1E31865-644B-4F67-8646-340DE8099516}.Debug|x64.ActiveCfg = Debug|Any CPU
		{C1E31865-644B-4F67-8646-340DE8099516}.Debug|x64.Build.0 = Debug|Any CPU
		{C1E31865-644B-4F67-8646-340DE8099516}.Debug|x86.ActiveCfg = Debug|Any CPU
		{C1E31865-644B-4F67-8646-340DE8099516}.Debug|x86.Build.0 = Debug|Any CPU
		{C1E31865-644B-4F67-8646-340DE8099516}.Release|Any CPU.ActiveCfg = Release|Any CPU
		{C1E31865-644B-4F67-8646-340DE8099516}.Release|Any CPU.Build.0 = Release|Any CPU
		{C1E31865-644B-4F67-8646-340DE8099516}.Release|x64.ActiveCfg = Release|Any CPU
		{C1E31865-644B-4F67-8646-340DE8099516}.Release|x64.Build.0 = Release|Any CPU
		{C1E31865-644B-4F67-8646-340DE8099516}.Release|x86.ActiveCfg = Release|Any CPU
		{C1E31865-644B-4F67-8646-340DE8099516}.Release|x86.Build.0 = Release|Any CPU
		{C88B6D57-0DA8-4C1A-B617-B27D881E8F36}.Debug|Any CPU.ActiveCfg = Debug|Any CPU
		{C88B6D57-0DA8-4C1A-B617-B27D881E8F36}.Debug|Any CPU.Build.0 = Debug|Any CPU
		{C88B6D57-0DA8-4C1A-B617-B27D881E8F36}.Debug|x64.ActiveCfg = Debug|Any CPU
		{C88B6D57-0DA8-4C1A-B617-B27D881E8F36}.Debug|x64.Build.0 = Debug|Any CPU
		{C88B6D57-0DA8-4C1A-B617-B27D881E8F36}.Debug|x86.ActiveCfg = Debug|Any CPU
		{C88B6D57-0DA8-4C1A-B617-B27D881E8F36}.Debug|x86.Build.0 = Debug|Any CPU
		{C88B6D57-0DA8-4C1A-B617-B27D881E8F36}.Release|Any CPU.ActiveCfg = Release|Any CPU
		{C88B6D57-0DA8-4C1A-B617-B27D881E8F36}.Release|Any CPU.Build.0 = Release|Any CPU
		{C88B6D57-0DA8-4C1A-B617-B27D881E8F36}.Release|x64.ActiveCfg = Release|Any CPU
		{C88B6D57-0DA8-4C1A-B617-B27D881E8F36}.Release|x64.Build.0 = Release|Any CPU
		{C88B6D57-0DA8-4C1A-B617-B27D881E8F36}.Release|x86.ActiveCfg = Release|Any CPU
		{C88B6D57-0DA8-4C1A-B617-B27D881E8F36}.Release|x86.Build.0 = Release|Any CPU
	EndGlobalSection
	GlobalSection(NestedProjects) = preSolution
		{5F46A13E-84BF-486B-8EE0-4A125533D3B6} = {8E40ACB3-71EA-4DE7-8D2B-C5B294C4BD75}
		{348B16A9-4A06-4A62-AE95-57679A901CE8} = {5F46A13E-84BF-486B-8EE0-4A125533D3B6}
		{A7830F9A-4558-48D8-BBE2-7B850226B596} = {5F46A13E-84BF-486B-8EE0-4A125533D3B6}
		{C1E31865-644B-4F67-8646-340DE8099516} = {5F46A13E-84BF-486B-8EE0-4A125533D3B6}
		{C88B6D57-0DA8-4C1A-B617-B27D881E8F36} = {5F46A13E-84BF-486B-8EE0-4A125533D3B6}
	EndGlobalSection
EndGlobal
